
Microsoft Visual Studio Solution File, Format Version 12.00
# Visual Studio Version 16
VisualStudioVersion = 16.0.31019.35
MinimumVisualStudioVersion = 10.0.40219.1
Project("{9A19103F-16F7-4668-BE54-9A1E7A4F7556}") = "MaplestoryClockWidget", "src\MaplestoryClockWidget\MaplestoryClockWidget.csproj", "{FFB21846-D7F0-4D1E-8E77-AF4A8A02AFD6}"
EndProject
Global
	GlobalSection(SolutionConfigurationPlatforms) = preSolution
		Debug|Any CPU = Debug|Any CPU
		Release|Any CPU = Release|Any CPU
	EndGlobalSection
	GlobalSection(ProjectConfigurationPlatforms) = postSolution
		{FFB21846-D7F0-4D1E-8E77-AF4A8A02AFD6}.Debug|Any CPU.ActiveCfg = Debug|Any CPU
		{FFB21846-D7F0-4D1E-8E77-AF4A8A02AFD6}.Debug|Any CPU.Build.0 = Debug|Any CPU
		{FFB21846-D7F0-4D1E-8E77-AF4A8A02AFD6}.Release|Any CPU.ActiveCfg = Release|Any CPU
		{FFB21846-D7F0-4D1E-8E77-AF4A8A02AFD6}.Release|Any CPU.Build.0 = Release|Any CPU
	EndGlobalSection
	GlobalSection(SolutionProperties) = preSolution
		HideSolutionNode = FALSE
	EndGlobalSection
	GlobalSection(ExtensibilityGlobals) = postSolution
		SolutionGuid = {EF630469-80B3-4158-AFC5-F7977F562EC5}
	EndGlobalSection
EndGlobal
